github.com/ajstarks/deck v0.0.0-20200831202436-30c9fc6549a9 h1:7kQgkwGRoLzC9K0oyXdJo7nve/bynv/KwUsxbiTlzAM=
github.com/ajstarks/deck v0.0.0-20200831202436-30c9fc6549a9/go.mod h1:JynElWSGnm/4RlzPXRlREEwqTHAN3T56Bv2ITsFT3gY=
github.com/ajstarks/deck/generate v0.0.0-20211006202617-5a95614a24ec h1:x7Le5zsmJ/yuj/VjFd6+AHABtz1KPpabIaZMltiRYbw=
github.com/ajstarks/deck/generate v0.0.0-20211006202617-5a95614a24ec/go.mod h1:T13YZdzov6OU0A1+RfKZiZN9ca6VeKdBdyDV+BY97Tk=
